// !$*UTF8*$!
{
	archiveVersion = 1;
	classes = {
	};
	objectVersion = 77;
	objects = {

/* Begin PBXContainerItemProxy section */
		CB2E49A82E658F150046EC1F /* PBXContainerItemProxy */ = {
			isa = PBXContainerItemProxy;
			containerPortal = CB2E49892E658F120046EC1F /* Project object */;
			proxyType = 1;
			remoteGlobalIDString = CB2E49902E658F120046EC1F;
			remoteInfo = WeatherInformationTableApp;
		};
		CB2E49B22E658F150046EC1F /* PBXContainerItemProxy */ = {
			isa = PBXContainerItemProxy;
			containerPortal = CB2E49892E658F120046EC1F /* Project object */;
			proxyType = 1;
			remoteGlobalIDString = CB2E49902E658F120046EC1F;
			remoteInfo = WeatherInformationTableApp;
		};
/* End PBXContainerItemProxy section */

/* Begin PBXFileReference section */
		CB2E49912E658F120046EC1F /* WeatherInformationTableApp.app */ = {isa = PBXFileReference; explicitFileType = wrapper.application; includeInIndex = 0; path = WeatherInformationTableApp.app; sourceTree = BUILT_PRODUCTS_DIR; };
		CB2E49A72E658F150046EC1F /* WeatherInformationTableAppTests.xctest */ = {isa = PBXFileReference; explicitFileType = wrapper.cfbundle; includeInIndex = 0; path = WeatherInformationTableAppTests.xctest; sourceTree = BUILT_PRODUCTS_DIR; };
		CB2E49B12E658F150046EC1F /* WeatherInformationTableAppUITests.xctest */ = {isa = PBXFileReference; explicitFileType = wrapper.cfbundle; includeInIndex = 0; path = WeatherInformationTableAppUITests.xctest; sourceTree = BUILT_PRODUCTS_DIR; };
/* End PBXFileReference section */

/* Begin PBXFileSystemSynchronizedBuildFileExceptionSet section */
		CB2E49B92E658F150046EC1F /* Exceptions for "WeatherInformationTableApp" folder in "WeatherInformationTableApp" target */ = {
			isa = PBXFileSystemSynchronizedBuildFileExceptionSet;
			membershipExceptions = (
				Info.plist,
			);
			target = CB2E49902E658F120046EC1F /* WeatherInformationTableApp */;
		};
/* End PBXFileSystemSynchronizedBuildFileExceptionSet section */

/* Begin PBXFileSystemSynchronizedRootGroup section */
		CB2E49932E658F120046EC1F /* WeatherInformationTableApp */ = {
			isa = PBXFileSystemSynchronizedRootGroup;
			exceptions = (
				CB2E49B92E658F150046EC1F /* Exceptions for "WeatherInformationTableApp" folder in "WeatherInformationTableApp" target */,
			);
			path = WeatherInformationTableApp;
			sourceTree = "<group>";
		};
		CB2E49AA2E658F150046EC1F /* WeatherInformationTableAppTests */ = {
			isa = PBXFileSystemSynchronizedRootGroup;
			path = WeatherInformationTableAppTests;
			sourceTree = "<group>";
		};
		CB2E49B42E658F150046EC1F /* WeatherInformationTableAppUITests */ = {
			isa = PBXFileSystemSynchronizedRootGroup;
			path = WeatherInformationTableAppUITests;
			sourceTree = "<group>";
		};
/* End PBXFileSystemSynchronizedRootGroup section */

/* Begin PBXFrameworksBuildPhase section */
		CB2E498E2E658F120046EC1F /* Frameworks */ = {
			isa = PBXFrameworksBuildPhase;
			buildActionMask = 2147483647;
			files = (
			);
			runOnlyForDeploymentPostprocessing = 0;
		};
		CB2E49A42E658F150046EC1F /* Frameworks */ = {
			isa = PBXFrameworksBuildPhase;
			buildActionMask = 2147483647;
			files = (
			);
			runOnlyForDeploymentPostprocessing = 0;
		};
		CB2E49AE2E658F150046EC1F /* Frameworks */ = {
			isa = PBXFrameworksBuildPhase;
			buildActionMask = 2147483647;
			files = (
			);
			runOnlyForDeploymentPostprocessing = 0;
		};
/* End PBXFrameworksBuildPhase section */

/* Begin PBXGroup section */
		CB2E49882E658F120046EC1F = {
			isa = PBXGroup;
			children = (
				CB2E49932E658F120046EC1F /* WeatherInformationTableApp */,
				CB2E49AA2E658F150046EC1F /* WeatherInformationTableAppTests */,
				CB2E49B42E658F150046EC1F /* WeatherInformationTableAppUITests */,
				CB2E49922E658F120046EC1F /* Products */,
			);
			sourceTree = "<group>";
		};
		CB2E49922E658F120046EC1F /* Products */ = {
			isa = PBXGroup;
			children = (
				CB2E49912E658F120046EC1F /* WeatherInformationTableApp.app */,
				CB2E49A72E658F150046EC1F /* WeatherInformationTableAppTests.xctest */,
				CB2E49B12E658F150046EC1F /* WeatherInformationTableAppUITests.xctest */,
			);
			name = Products;
			sourceTree = "<group>";
		};
/* End PBXGroup section */

/* Begin PBXNativeTarget section */
		CB2E49902E658F120046EC1F /* WeatherInformationTableApp */ = {
			isa = PBXNativeTarget;
			buildConfigurationList = CB2E49BA2E658F150046EC1F /* Build configuration list for PBXNativeTarget "WeatherInformationTableApp" */;
			buildPhases = (
				CB2E498D2E658F120046EC1F /* Sources */,
				CB2E498E2E658F120046EC1F /* Frameworks */,
				CB2E498F2E658F120046EC1F /* Resources */,
			);
			buildRules = (
			);
			dependencies = (
			);
			fileSystemSynchronizedGroups = (
				CB2E49932E658F120046EC1F /* WeatherInformationTableApp */,
			);
			name = WeatherInformationTableApp;
			packageProductDependencies = (
			);
			productName = WeatherInformationTableApp;
			productReference = CB2E49912E658F120046EC1F /* WeatherInformationTableApp.app */;
			productType = "com.apple.product-type.application";
		};
		CB2E49A62E658F150046EC1F /* WeatherInformationTableAppTests */ = {
			isa = PBXNativeTarget;
			buildConfigurationList = CB2E49BF2E658F150046EC1F /* Build configuration list for PBXNativeTarget "WeatherInformationTableAppTests" */;
			buildPhases = (
				CB2E49A32E658F150046EC1F /* Sources */,
				CB2E49A42E658F150046EC1F /* Frameworks */,
				CB2E49A52E658F150046EC1F /* Resources */,
			);
			buildRules = (
			);
			dependencies = (
				CB2E49A92E658F150046EC1F /* PBXTargetDependency */,
			);
			fileSystemSynchronizedGroups = (
				CB2E49AA2E658F150046EC1F /* WeatherInformationTableAppTests */,
			);
			name = WeatherInformationTableAppTests;
			packageProductDependencies = (
			);
			productName = WeatherInformationTableAppTests;
			productReference = CB2E49A72E658F150046EC1F /* WeatherInformationTableAppTests.xctest */;
			productType = "com.apple.product-type.bundle.unit-test";
		};
		CB2E49B02E658F150046EC1F /* WeatherInformationTableAppUITests */ = {
			isa = PBXNativeTarget;
			buildConfigurationList = CB2E49C22E658F150046EC1F /* Build configuration list for PBXNativeTarget "WeatherInformationTableAppUITests" */;
			buildPhases = (
				CB2E49AD2E658F150046EC1F /* Sources */,
				CB2E49AE2E658F150046EC1F /* Frameworks */,
				CB2E49AF2E658F150046EC1F /* Resources */,
			);
			buildRules = (
			);
			dependencies = (
				CB2E49B32E658F150046EC1F /* PBXTargetDependency */,
			);
			fileSystemSynchronizedGroups = (
				CB2E49B42E658F150046EC1F /* WeatherInformationTableAppUITests */,
			);
			name = WeatherInformationTableAppUITests;
			packageProductDependencies = (
			);
			productName = WeatherInformationTableAppUITests;
			productReference = CB2E49B12E658F150046EC1F /* WeatherInformationTableAppUITests.xctest */;
			productType = "com.apple.product-type.bundle.ui-testing";
		};
/* End PBXNativeTarget section */

/* Begin PBXProject section */
		CB2E49892E658F120046EC1F /* Project object */ = {
			isa = PBXProject;
			attributes = {
				BuildIndependentTargetsInParallel = 1;
				LastSwiftUpdateCheck = 1610;
				LastUpgradeCheck = 1610;
				TargetAttributes = {
					CB2E49902E658F120046EC1F = {
						CreatedOnToolsVersion = 16.1;
					};
					CB2E49A62E658F150046EC1F = {
						CreatedOnToolsVersion = 16.1;
						TestTargetID = CB2E49902E658F120046EC1F;
					};
					CB2E49B02E658F150046EC1F = {
						CreatedOnToolsVersion = 16.1;
						TestTargetID = CB2E49902E658F120046EC1F;
					};
				};
			};
			buildConfigurationList = CB2E498C2E658F120046EC1F /* Build configuration list for PBXProject "WeatherInformationTableApp" */;
			developmentRegion = en;
			hasScannedForEncodings = 0;
			knownRegions = (
				en,
				Base,
			);
			mainGroup = CB2E49882E658F120046EC1F;
			minimizedProjectReferenceProxies = 1;
			preferredProjectObjectVersion = 77;
			productRefGroup = CB2E49922E658F120046EC1F /* Products */;
			projectDirPath = "";
			projectRoot = "";
			targets = (
				CB2E49902E658F120046EC1F /* WeatherInformationTableApp */,
				CB2E49A62E658F150046EC1F /* WeatherInformationTableAppTests */,
				CB2E49B02E658F150046EC1F /* WeatherInformationTableAppUITests */,
			);
		};
/* End PBXProject section */

/* Begin PBXResourcesBuildPhase section */
		CB2E498F2E658F120046EC1F /* Resources */ = {
			isa = PBXResourcesBuildPhase;
			buildActionMask = 2147483647;
			files = (
			);
			runOnlyForDeploymentPostprocessing = 0;
		};
		CB2E49A52E658F150046EC1F /* Resources */ = {
			isa = PBXResourcesBuildPhase;
			buildActionMask = 2147483647;
			files = (
			);
			runOnlyForDeploymentPostprocessing = 0;
		};
		CB2E49AF2E658F150046EC1F /* Resources */ = {
			isa = PBXResourcesBuildPhase;
			buildActionMask = 2147483647;
			files = (
			);
			runOnlyForDeploymentPostprocessing = 0;
		};
/* End PBXResourcesBuildPhase section */

/* Begin PBXSourcesBuildPhase section */
		CB2E498D2E658F120046EC1F /* Sources */ = {
			isa = PBXSourcesBuildPhase;
			buildActionMask = 2147483647;
			files = (
			);
			runOnlyForDeploymentPostprocessing = 0;
		};
		CB2E49A32E658F150046EC1F /* Sources */ = {
			isa = PBXSourcesBuildPhase;
			buildActionMask = 2147483647;
			files = (
			);
			runOnlyForDeploymentPostprocessing = 0;
		};
		CB2E49AD2E658F150046EC1F /* Sources */ = {
			isa = PBXSourcesBuildPhase;
			buildActionMask = 2147483647;
			files = (
			);
			runOnlyForDeploymentPostprocessing = 0;
		};
/* End PBXSourcesBuildPhase section */

/* Begin PBXTargetDependency section */
		CB2E49A92E658F150046EC1F /* PBXTargetDependency */ = {
			isa = PBXTargetDependency;
			target = CB2E49902E658F120046EC1F /* WeatherInformationTableApp */;
			targetProxy = CB2E49A82E658F150046EC1F /* PBXContainerItemProxy */;
		};
		CB2E49B32E658F150046EC1F /* PBXTargetDependency */ = {
			isa = PBXTargetDependency;
			target = CB2E49902E658F120046EC1F /* WeatherInformationTableApp */;
			targetProxy = CB2E49B22E658F150046EC1F /* PBXContainerItemProxy */;
		};
/* End PBXTargetDependency section */

/* Begin XCBuildConfiguration section */
		CB2E49BB2E658F150046EC1F /* Debug */ = {
			isa = XCBuildConfiguration;
			buildSettings = {
				ASSETCATALOG_COMPILER_APPICON_NAME = AppIcon;
				ASSETCATALOG_COMPILER_GLOBAL_ACCENT_COLOR_NAME = AccentColor;
				CODE_SIGN_STYLE = Automatic;
				CURRENT_PROJECT_VERSION = 1;
				DEVELOPMENT_TEAM = S483QP3A9R;
				GENERATE_INFOPLIST_FILE = YES;
				INFOPLIST_FILE = WeatherInformationTableApp/Info.plist;
				INFOPLIST_KEY_UIApplicationSupportsIndirectInputEvents = YES;
				INFOPLIST_KEY_UILaunchStoryboardName = LaunchScreen;
				INFOPLIST_KEY_UIMainStoryboardFile = Main;
				INFOPLIST_KEY_UISupportedInterfaceOrientations_iPad = "UIInterfaceOrientationPortrait UIInterfaceOrientationPortraitUpsideDown UIInterfaceOrientationLandscapeLeft UIInterfaceOrientationLandscapeRight";
				INFOPLIST_KEY_UISupportedInterfaceOrientations_iPhone = "UIInterfaceOrientationPortrait UIInterfaceOrientationLandscapeLeft UIInterfaceOrientationLandscapeRight";
				LD_RUNPATH_SEARCH_PATHS = (
					"$(inherited)",
					"@executable_path/Frameworks",
				);
				MARKETING_VERSION = 1.0;
				PRODUCT_BUNDLE_IDENTIFIER = com.gmail.takumi77hase.WeatherInformationTableApp;
				PRODUCT_NAME = "$(TARGET_NAME)";
				SWIFT_EMIT_LOC_STRINGS = YES;
				SWIFT_VERSION = 5.0;
				TARGETED_DEVICE_FAMILY = "1,2";
			};
			name = Debug;
		};
		CB2E49BC2E658F150046EC1F /* Release */ = {
			isa = XCBuildConfiguration;
			buildSettings = {
				ASSETCATALOG_COMPILER_APPICON_NAME = AppIcon;
				ASSETCATALOG_COMPILER_GLOBAL_ACCENT_COLOR_NAME = AccentColor;
				CODE_SIGN_STYLE = Automatic;
				CURRENT_PROJECT_VERSION = 1;
				DEVELOPMENT_TEAM = S483QP3A9R;
				GENERATE_INFOPLIST_FILE = YES;
				INFOPLIST_FILE = WeatherInformationTableApp/Info.plist;
				INFOPLIST_KEY_UIApplicationSupportsIndirectInputEvents = YES;
				INFOPLIST_KEY_UILaunchStoryboardName = LaunchScreen;
				INFOPLIST_KEY_UIMainStoryboardFile = Main;
				INFOPLIST_KEY_UISupportedInterfaceOrientations_iPad = "UIInterfaceOrientationPortrait UIInterfaceOrientationPortraitUpsideDown UIInterfaceOrientationLandscapeLeft UIInterfaceOrientationLandscapeRight";
				INFOPLIST_KEY_UISupportedInterfaceOrientations_iPhone = "UIInterfaceOrientationPortrait UIInterfaceOrientationLandscapeLeft UIInterfaceOrientationLandscapeRight";
				LD_RUNPATH_SEARCH_PATHS = (
					"$(inherited)",
					"@executable_path/Frameworks",
				);
				MARKETING_VERSION = 1.0;
				PRODUCT_BUNDLE_IDENTIFIER = com.gmail.takumi77hase.WeatherInformationTableApp;
				PRODUCT_NAME = "$(TARGET_NAME)";
				SWIFT_EMIT_LOC_STRINGS = YES;
				SWIFT_VERSION = 5.0;
				TARGETED_DEVICE_FAMILY = "1,2";
			};
			name = Release;
		};
		CB2E49BD2E658F150046EC1F /* Debug */ = {
			isa = XCBuildConfiguration;
			buildSettings = {
				ALWAYS_SEARCH_USER_PATHS = NO;
				ASSETCATALOG_COMPILER_GENERATE_SWIFT_ASSET_SYMBOL_EXTENSIONS = YES;
				CLANG_ANALYZER_NONNULL = YES;
				CLANG_ANALYZER_NUMBER_OBJECT_CONVERSION = YES_AGGRESSIVE;
				CLANG_CXX_LANGUAGE_STANDARD = "gnu++20";
				CLANG_ENABLE_MODULES = YES;
				CLANG_ENABLE_OBJC_ARC = YES;
				CLANG_ENABLE_OBJC_WEAK = YES;
				CLANG_WARN_BLOCK_CAPTURE_AUTORELEASING = YES;
				CLANG_WARN_BOOL_CONVERSION = YES;
				CLANG_WARN_COMMA = YES;
				CLANG_WARN_CONSTANT_CONVERSION = YES;
				CLANG_WARN_DEPRECATED_OBJC_IMPLEMENTATIONS = YES;
				CLANG_WARN_DIRECT_OBJC_ISA_USAGE = YES_ERROR;
				CLANG_WARN_DOCUMENTATION_COMMENTS = YES;
				CLANG_WARN_EMPTY_BODY = YES;
				CLANG_WARN_ENUM_CONVERSION = YES;
				CLANG_WARN_INFINITE_RECURSION = YES;
				CLANG_WARN_INT_CONVERSION = YES;
				CLANG_WARN_NON_LITERAL_NULL_CONVERSION = YES;
				CLANG_WARN_OBJC_IMPLICIT_RETAIN_SELF = YES;
				CLANG_WARN_OBJC_LITERAL_CONVERSION = YES;
				CLANG_WARN_OBJC_ROOT_CLASS = YES_ERROR;
				CLANG_WARN_QUOTED_INCLUDE_IN_FRAMEWORK_HEADER = YES;
				CLANG_WARN_RANGE_LOOP_ANALYSIS = YES;
				CLANG_WARN_STRICT_PROTOTYPES = YES;
				CLANG_WARN_SUSPICIOUS_MOVE = YES;
				CLANG_WARN_UNGUARDED_AVAILABILITY = YES_AGGRESSIVE;
				CLANG_WARN_UNREACHABLE_CODE = YES;
				CLANG_WARN__DUPLICATE_METHOD_MATCH = YES;
				COPY_PHASE_STRIP = NO;
				DEBUG_INFORMATION_FORMAT = dwarf;
				ENABLE_STRICT_OBJC_MSGSEND = YES;
				ENABLE_TESTABILITY = YES;
				ENABLE_USER_SCRIPT_SANDBOXING = YES;
				GCC_C_LANGUAGE_STANDARD = gnu17;
				GCC_DYNAMIC_NO_PIC = NO;
				GCC_NO_COMMON_BLOCKS = YES;
				GCC_OPTIMIZATION_LEVEL = 0;
				GCC_PREPROCESSOR_DEFINITIONS = (
					"DEBUG=1",
					"$(inherited)",
				);
				GCC_WARN_64_TO_32_BIT_CONVERSION = YES;
				GCC_WARN_ABOUT_RETURN_TYPE = YES_ERROR;
				GCC_WARN_UNDECLARED_SELECTOR = YES;
				GCC_WARN_UNINITIALIZED_AUTOS = YES_AGGRESSIVE;
				GCC_WARN_UNUSED_FUNCTION = YES;
				GCC_WARN_UNUSED_VARIABLE = YES;
				IPHONEOS_DEPLOYMENT_TARGET = 18.1;
				LOCALIZATION_PREFERS_STRING_CATALOGS = YES;
				MTL_ENABLE_DEBUG_INFO = INCLUDE_SOURCE;
				MTL_FAST_MATH = YES;
				ONLY_ACTIVE_ARCH = YES;
				SDKROOT = iphoneos;
				SWIFT_ACTIVE_COMPILATION_CONDITIONS = "DEBUG $(inherited)";
				SWIFT_OPTIMIZATION_LEVEL = "-Onone";
			};
			name = Debug;
		};
		CB2E49BE2E658F150046EC1F /* Release */ = {
			isa = XCBuildConfiguration;
			buildSettings = {
				ALWAYS_SEARCH_USER_PATHS = NO;
				ASSETCATALOG_COMPILER_GENERATE_SWIFT_ASSET_SYMBOL_EXTENSIONS = YES;
				CLANG_ANALYZER_NONNULL = YES;
				CLANG_ANALYZER_NUMBER_OBJECT_CONVERSION = YES_AGGRESSIVE;
				CLANG_CXX_LANGUAGE_STANDARD = "gnu++20";
				CLANG_ENABLE_MODULES = YES;
				CLANG_ENABLE_OBJC_ARC = YES;
				CLANG_ENABLE_OBJC_WEAK = YES;
				CLANG_WARN_BLOCK_CAPTURE_AUTORELEASING = YES;
				CLANG_WARN_BOOL_CONVERSION = YES;
				CLANG_WARN_COMMA = YES;
				CLANG_WARN_CONSTANT_CONVERSION = YES;
				CLANG_WARN_DEPRECATED_OBJC_IMPLEMENTATIONS = YES;
				CLANG_WARN_DIRECT_OBJC_ISA_USAGE = YES_ERROR;
				CLANG_WARN_DOCUMENTATION_COMMENTS = YES;
				CLANG_WARN_EMPTY_BODY = YES;
				CLANG_WARN_ENUM_CONVERSION = YES;
				CLANG_WARN_INFINITE_RECURSION = YES;
				CLANG_WARN_INT_CONVERSION = YES;
				CLANG_WARN_NON_LITERAL_NULL_CONVERSION = YES;
				CLANG_WARN_OBJC_IMPLICIT_RETAIN_SELF = YES;
				CLANG_WARN_OBJC_LITERAL_CONVERSION = YES;
				CLANG_WARN_OBJC_ROOT_CLASS = YES_ERROR;
				CLANG_WARN_QUOTED_INCLUDE_IN_FRAMEWORK_HEADER = YES;
				CLANG_WARN_RANGE_LOOP_ANALYSIS = YES;
				CLANG_WARN_STRICT_PROTOTYPES = YES;
				CLANG_WARN_SUSPICIOUS_MOVE = YES;
				CLANG_WARN_UNGUARDED_AVAILABILITY = YES_AGGRESSIVE;
				CLANG_WARN_UNREACHABLE_CODE = YES;
				CLANG_WARN__DUPLICATE_METHOD_MATCH = YES;
				COPY_PHASE_STRIP = NO;
				DEBUG_INFORMATION_FORMAT = "dwarf-with-dsym";
				ENABLE_NS_ASSERTIONS = NO;
				ENABLE_STRICT_OBJC_MSGSEND = YES;
				ENABLE_USER_SCRIPT_SANDBOXING = YES;
				GCC_C_LANGUAGE_STANDARD = gnu17;
				GCC_NO_COMMON_BLOCKS = YES;
				GCC_WARN_64_TO_32_BIT_CONVERSION = YES;
				GCC_WARN_ABOUT_RETURN_TYPE = YES_ERROR;
				GCC_WARN_UNDECLARED_SELECTOR = YES;
				GCC_WARN_UNINITIALIZED_AUTOS = YES_AGGRESSIVE;
				GCC_WARN_UNUSED_FUNCTION = YES;
				GCC_WARN_UNUSED_VARIABLE = YES;
				IPHONEOS_DEPLOYMENT_TARGET = 18.1;
				LOCALIZATION_PREFERS_STRING_CATALOGS = YES;
				MTL_ENABLE_DEBUG_INFO = NO;
				MTL_FAST_MATH = YES;
				SDKROOT = iphoneos;
				SWIFT_COMPILATION_MODE = wholemodule;
				VALIDATE_PRODUCT = YES;
			};
			name = Release;
		};
		CB2E49C02E658F150046EC1F /* Debug */ = {
			isa = XCBuildConfiguration;
			buildSettings = {
				BUNDLE_LOADER = "$(TEST_HOST)";
				CODE_SIGN_STYLE = Automatic;
				CURRENT_PROJECT_VERSION = 1;
				DEVELOPMENT_TEAM = S483QP3A9R;
				GENERATE_INFOPLIST_FILE = YES;
				IPHONEOS_DEPLOYMENT_TARGET = 18.1;
				MARKETING_VERSION = 1.0;
				PRODUCT_BUNDLE_IDENTIFIER = com.gmail.takumi77hase.WeatherInformationTableAppTests;
				PRODUCT_NAME = "$(TARGET_NAME)";
				SWIFT_EMIT_LOC_STRINGS = NO;
				SWIFT_VERSION = 5.0;
				TARGETED_DEVICE_FAMILY = "1,2";
				TEST_HOST = "$(BUILT_PRODUCTS_DIR)/WeatherInformationTableApp.app/$(BUNDLE_EXECUTABLE_FOLDER_PATH)/WeatherInformationTableApp";
			};
			name = Debug;
		};
		CB2E49C12E658F150046EC1F /* Release */ = {
			isa = XCBuildConfiguration;
			buildSettings = {
				BUNDLE_LOADER = "$(TEST_HOST)";
				CODE_SIGN_STYLE = Automatic;
				CURRENT_PROJECT_VERSION = 1;
				DEVELOPMENT_TEAM = S483QP3A9R;
				GENERATE_INFOPLIST_FILE = YES;
				IPHONEOS_DEPLOYMENT_TARGET = 18.1;
				MARKETING_VERSION = 1.0;
				PRODUCT_BUNDLE_IDENTIFIER = com.gmail.takumi77hase.WeatherInformationTableAppTests;
				PRODUCT_NAME = "$(TARGET_NAME)";
				SWIFT_EMIT_LOC_STRINGS = NO;
				SWIFT_VERSION = 5.0;
				TARGETED_DEVICE_FAMILY = "1,2";
				TEST_HOST = "$(BUILT_PRODUCTS_DIR)/WeatherInformationTableApp.app/$(BUNDLE_EXECUTABLE_FOLDER_PATH)/WeatherInformationTableApp";
			};
			name = Release;
		};
		CB2E49C32E658F150046EC1F /* Debug */ = {
			isa = XCBuildConfiguration;
			buildSettings = {
				CODE_SIGN_STYLE = Automatic;
				CURRENT_PROJECT_VERSION = 1;
				DEVELOPMENT_TEAM = S483QP3A9R;
				GENERATE_INFOPLIST_FILE = YES;
				MARKETING_VERSION = 1.0;
				PRODUCT_BUNDLE_IDENTIFIER = com.gmail.takumi77hase.WeatherInformationTableAppUITests;
				PRODUCT_NAME = "$(TARGET_NAME)";
				SWIFT_EMIT_LOC_STRINGS = NO;
				SWIFT_VERSION = 5.0;
				TARGETED_DEVICE_FAMILY = "1,2";
				TEST_TARGET_NAME = WeatherInformationTableApp;
			};
			name = Debug;
		};
		CB2E49C42E658F150046EC1F /* Release */ = {
			isa = XCBuildConfiguration;
			buildSettings = {
				CODE_SIGN_STYLE = Automatic;
				CURRENT_PROJECT_VERSION = 1;
				DEVELOPMENT_TEAM = S483QP3A9R;
				GENERATE_INFOPLIST_FILE = YES;
				MARKETING_VERSION = 1.0;
				PRODUCT_BUNDLE_IDENTIFIER = com.gmail.takumi77hase.WeatherInformationTableAppUITests;
				PRODUCT_NAME = "$(TARGET_NAME)";
				SWIFT_EMIT_LOC_STRINGS = NO;
				SWIFT_VERSION = 5.0;
				TARGETED_DEVICE_FAMILY = "1,2";
				TEST_TARGET_NAME = WeatherInformationTableApp;
			};
			name = Release;
		};
/* End XCBuildConfiguration section */

/* Begin XCConfigurationList section */
		CB2E498C2E658F120046EC1F /* Build configuration list for PBXProject "WeatherInformationTableApp" */ = {
			isa = XCConfigurationList;
			buildConfigurations = (
				CB2E49BD2E658F150046EC1F /* Debug */,
				CB2E49BE2E658F150046EC1F /* Release */,
			);
			defaultConfigurationIsVisible = 0;
			defaultConfigurationName = Release;
		};
		CB2E49BA2E658F150046EC1F /* Build configuration list for PBXNativeTarget "WeatherInformationTableApp" */ = {
			isa = XCConfigurationList;
			buildConfigurations = (
				CB2E49BB2E658F150046EC1F /* Debug */,
				CB2E49BC2E658F150046EC1F /* Release */,
			);
			defaultConfigurationIsVisible = 0;
			defaultConfigurationName = Release;
		};
		CB2E49BF2E658F150046EC1F /* Build configuration list for PBXNativeTarget "WeatherInformationTableAppTests" */ = {
			isa = XCConfigurationList;
			buildConfigurations = (
				CB2E49C02E658F150046EC1F /* Debug */,
				CB2E49C12E658F150046EC1F /* Release */,
			);
			defaultConfigurationIsVisible = 0;
			defaultConfigurationName = Release;
		};
		CB2E49C22E658F150046EC1F /* Build configuration list for PBXNativeTarget "WeatherInformationTableAppUITests" */ = {
			isa = XCConfigurationList;
			buildConfigurations = (
				CB2E49C32E658F150046EC1F /* Debug */,
				CB2E49C42E658F150046EC1F /* Release */,
			);
			defaultConfigurationIsVisible = 0;
			defaultConfigurationName = Release;
		};
/* End XCConfigurationList section */
	};
	rootObject = CB2E49892E658F120046EC1F /* Project object */;
}
